// !$*UTF8*$!
{
	archiveVersion = 1;
	classes = {
	};
	objectVersion = 46;
	objects = {

/* Begin PBXBuildFile section */
		CF9B1DCE1F136563000BEFED /* AppDelegate.swift in Sources */ = {isa = PBXBuildFile; fileRef = CF9B1DCD1F136563000BEFED /* AppDelegate.swift */; };
		CF9B1DD01F136563000BEFED /* contactVC.swift in Sources */ = {isa = PBXBuildFile; fileRef = CF9B1DCF1F136563000BEFED /* contactVC.swift */; };
		CF9B1DD31F136563000BEFED /* Main.storyboard in Resources */ = {isa = PBXBuildFile; fileRef = CF9B1DD11F136563000BEFED /* Main.storyboard */; };
		CF9B1DD61F136563000BEFED /* CustomContact.xcdatamodeld in Sources */ = {isa = PBXBuildFile; fileRef = CF9B1DD41F136563000BEFED /* CustomContact.xcdatamodeld */; };
		CF9B1DD81F136563000BEFED /* Assets.xcassets in Resources */ = {isa = PBXBuildFile; fileRef = CF9B1DD71F136563000BEFED /* Assets.xcassets */; };
		CF9B1DDB1F136563000BEFED /* LaunchScreen.storyboard in Resources */ = {isa = PBXBuildFile; fileRef = CF9B1DD91F136563000BEFED /* LaunchScreen.storyboard */; };
		CF9B1DE31F148A72000BEFED /* moreVC.swift in Sources */ = {isa = PBXBuildFile; fileRef = CF9B1DE21F148A72000BEFED /* moreVC.swift */; };
		CF9B1DE81F1605D9000BEFED /* Default-568h@2x.png in Resources */ = {isa = PBXBuildFile; fileRef = CF9B1DE71F1605D9000BEFED /* Default-568h@2x.png */; };
		CF9B1DEA1F171959000BEFED /* contactTVC.swift in Sources */ = {isa = PBXBuildFile; fileRef = CF9B1DE91F171959000BEFED /* contactTVC.swift */; };
/* End PBXBuildFile section */

/* Begin PBXFileReference section */
		CF9B1DCA1F136563000BEFED /* CustomContact.app */ = {isa = PBXFileReference; explicitFileType = wrapper.application; includeInIndex = 0; path = CustomContact.app; sourceTree = BUILT_PRODUCTS_DIR; };
		CF9B1DCD1F136563000BEFED /* AppDelegate.swift */ = {isa = PBXFileReference; lastKnownFileType = sourcecode.swift; path = AppDelegate.swift; sourceTree = "<group>"; };
		CF9B1DCF1F136563000BEFED /* contactVC.swift */ = {isa = PBXFileReference; lastKnownFileType = sourcecode.swift; path = contactVC.swift; sourceTree = "<group>"; };
		CF9B1DD21F136563000BEFED /* Base */ = {isa = PBXFileReference; lastKnownFileType = file.storyboard; name = Base; path = Base.lproj/Main.storyboard; sourceTree = "<group>"; };
		CF9B1DD51F136563000BEFED /* CustomContact.xcdatamodel */ = {isa = PBXFileReference; lastKnownFileType = wrapper.xcdatamodel; path = CustomContact.xcdatamodel; sourceTree = "<group>"; };
		CF9B1DD71F136563000BEFED /* Assets.xcassets */ = {isa = PBXFileReference; lastKnownFileType = folder.assetcatalog; path = Assets.xcassets; sourceTree = "<group>"; };
		CF9B1DDA1F136563000BEFED /* Base */ = {isa = PBXFileReference; lastKnownFileType = file.storyboard; name = Base; path = Base.lproj/LaunchScreen.storyboard; sourceTree = "<group>"; };
		CF9B1DDC1F136563000BEFED /* Info.plist */ = {isa = PBXFileReference; lastKnownFileType = text.plist.xml; path = Info.plist; sourceTree = "<group>"; };
		CF9B1DE21F148A72000BEFED /* moreVC.swift */ = {isa = PBXFileReference; fileEncoding = 4; lastKnownFileType = sourcecode.swift; path = moreVC.swift; sourceTree = "<group>"; };
		CF9B1DE71F1605D9000BEFED /* Default-568h@2x.png */ = {isa = PBXFileReference; lastKnownFileType = image.png; path = "Default-568h@2x.png"; sourceTree = "<group>"; };
		CF9B1DE91F171959000BEFED /* contactTVC.swift */ = {isa = PBXFileReference; fileEncoding = 4; lastKnownFileType = sourcecode.swift; path = contactTVC.swift; sourceTree = "<group>"; };
/* End PBXFileReference section */

/* Begin PBXFrameworksBuildPhase section */
		CF9B1DC71F136563000BEFED /* Frameworks */ = {
			isa = PBXFrameworksBuildPhase;
			buildActionMask = 2147483647;
			files = (
			);
			runOnlyForDeploymentPostprocessing = 0;
		};
/* End PBXFrameworksBuildPhase section */

/* Begin PBXGroup section */
		CF9B1DC11F136563000BEFED = {
			isa = PBXGroup;
			children = (
				CF9B1DE71F1605D9000BEFED /* Default-568h@2x.png */,
				CF9B1DCC1F136563000BEFED /* CustomContact */,
				CF9B1DCB1F136563000BEFED /* Products */,
			);
			sourceTree = "<group>";
		};
		CF9B1DCB1F136563000BEFED /* Products */ = {
			isa = PBXGroup;
			children = (
				CF9B1DCA1F136563000BEFED /* CustomContact.app */,
			);
			name = Products;
			sourceTree = "<group>";
		};
		CF9B1DCC1F136563000BEFED /* CustomContact */ = {
			isa = PBXGroup;
			children = (
				CF9B1DCD1F136563000BEFED /* AppDelegate.swift */,
				CF9B1DCF1F136563000BEFED /* contactVC.swift */,
				CF9B1DE91F171959000BEFED /* contactTVC.swift */,
				CF9B1DE21F148A72000BEFED /* moreVC.swift */,
				CF9B1DD11F136563000BEFED /* Main.storyboard */,
				CF9B1DD71F136563000BEFED /* Assets.xcassets */,
				CF9B1DD91F136563000BEFED /* LaunchScreen.storyboard */,
				CF9B1DDC1F136563000BEFED /* Info.plist */,
				CF9B1DD41F136563000BEFED /* CustomContact.xcdatamodeld */,
			);
			path = CustomContact;
			sourceTree = "<group>";
		};
/* End PBXGroup section */

/* Begin PBXNativeTarget section */
		CF9B1DC91F136563000BEFED /* CustomContact */ = {
			isa = PBXNativeTarget;
			buildConfigurationList = CF9B1DDF1F136563000BEFED /* Build configuration list for PBXNativeTarget "CustomContact" */;
			buildPhases = (
				CF9B1DC61F136563000BEFED /* Sources */,
				CF9B1DC71F136563000BEFED /* Frameworks */,
				CF9B1DC81F136563000BEFED /* Resources */,
			);
			buildRules = (
			);
			dependencies = (
			);
			name = CustomContact;
			productName = CustomContact;
			productReference = CF9B1DCA1F136563000BEFED /* CustomContact.app */;
			productType = "com.apple.product-type.application";
		};
/* End PBXNativeTarget section */

/* Begin PBXProject section */
		CF9B1DC21F136563000BEFED /* Project object */ = {
			isa = PBXProject;
			attributes = {
				LastSwiftUpdateCheck = 0830;
				LastUpgradeCheck = 0830;
				ORGANIZATIONNAME = "Luthfi Fathur Rahman";
				TargetAttributes = {
					CF9B1DC91F136563000BEFED = {
						CreatedOnToolsVersion = 8.3.3;
						DevelopmentTeam = 2L6QV2N95T;
						ProvisioningStyle = Automatic;
					};
				};
			};
			buildConfigurationList = CF9B1DC51F136563000BEFED /* Build configuration list for PBXProject "CustomContact" */;
			compatibilityVersion = "Xcode 3.2";
			developmentRegion = English;
			hasScannedForEncodings = 0;
			knownRegions = (
				en,
				Base,
			);
			mainGroup = CF9B1DC11F136563000BEFED;
			productRefGroup = CF9B1DCB1F136563000BEFED /* Products */;
			projectDirPath = "";
			projectRoot = "";
			targets = (
				CF9B1DC91F136563000BEFED /* CustomContact */,
			);
		};
/* End PBXProject section */

/* Begin PBXResourcesBuildPhase section */
		CF9B1DC81F136563000BEFED /* Resources */ = {
			isa = PBXResourcesBuildPhase;
			buildActionMask = 2147483647;
			files = (
				CF9B1DDB1F136563000BEFED /* LaunchScreen.storyboard in Resources */,
				CF9B1DE81F1605D9000BEFED /* Default-568h@2x.png in Resources */,
				CF9B1DD81F136563000BEFED /* Assets.xcassets in Resources */,
				CF9B1DD31F136563000BEFED /* Main.storyboard in Resources */,
			);
			runOnlyForDeploymentPostprocessing = 0;
		};
/* End PBXResourcesBuildPhase section */

/* Begin PBXSourcesBuildPhase section */
		CF9B1DC61F136563000BEFED /* Sources */ = {
			isa = PBXSourcesBuildPhase;
			buildActionMask = 2147483647;
			files = (
				CF9B1DD01F136563000BEFED /* contactVC.swift in Sources */,
				CF9B1DEA1F171959000BEFED /* contactTVC.swift in Sources */,
				CF9B1DCE1F136563000BEFED /* AppDelegate.swift in Sources */,
				CF9B1DD61F136563000BEFED /* CustomContact.xcdatamodeld in Sources */,
				CF9B1DE31F148A72000BEFED /* moreVC.swift in Sources */,
			);
			runOnlyForDeploymentPostprocessing = 0;
		};
/* End PBXSourcesBuildPhase section */

/* Begin PBXVariantGroup section */
		CF9B1DD11F136563000BEFED /* Main.storyboard */ = {
			isa = PBXVariantGroup;
			children = (
				CF9B1DD21F136563000BEFED /* Base */,
			);
			name = Main.storyboard;
			sourceTree = "<group>";
		};
		CF9B1DD91F136563000BEFED /* LaunchScreen.storyboard */ = {
			isa = PBXVariantGroup;
			children = (
				CF9B1DDA1F136563000BEFED /* Base */,
			);
			name = LaunchScreen.storyboard;
			sourceTree = "<group>";
		};
/* End PBXVariantGroup section */

/* Begin XCBuildConfiguration section */
		CF9B1DDD1F136563000BEFED /* Debug */ = {
			isa = XCBuildConfiguration;
			buildSettings = {
				ALWAYS_SEARCH_USER_PATHS = NO;
				CLANG_ANALYZER_NONNULL = YES;
				CLANG_ANALYZER_NUMBER_OBJECT_CONVERSION = YES_AGGRESSIVE;
				CLANG_CXX_LANGUAGE_STANDARD = "gnu++0x";
				CLANG_CXX_LIBRARY = "libc++";
				CLANG_ENABLE_MODULES = YES;
				CLANG_ENABLE_OBJC_ARC = YES;
				CLANG_WARN_BOOL_CONVERSION = YES;
				CLANG_WARN_CONSTANT_CONVERSION = YES;
				CLANG_WARN_DIRECT_OBJC_ISA_USAGE = YES_ERROR;
				CLANG_WARN_DOCUMENTATION_COMMENTS = YES;
				CLANG_WARN_EMPTY_BODY = YES;
				CLANG_WARN_ENUM_CONVERSION = YES;
				CLANG_WARN_INFINITE_RECURSION = YES;
				CLANG_WARN_INT_CONVERSION = YES;
				CLANG_WARN_OBJC_ROOT_CLASS = YES_ERROR;
				CLANG_WARN_SUSPICIOUS_MOVE = YES;
				CLANG_WARN_UNREACHABLE_CODE = YES;
				CLANG_WARN__DUPLICATE_METHOD_MATCH = YES;
				"CODE_SIGN_IDENTITY[sdk=iphoneos*]" = "iPhone Developer";
				COPY_PHASE_STRIP = NO;
				DEBUG_INFORMATION_FORMAT = dwarf;
				ENABLE_STRICT_OBJC_MSGSEND = YES;
				ENABLE_TESTABILITY = YES;
				GCC_C_LANGUAGE_STANDARD = gnu99;
				GCC_DYNAMIC_NO_PIC = NO;
				GCC_NO_COMMON_BLOCKS = YES;
				GCC_OPTIMIZATION_LEVEL = 0;
				GCC_PREPROCESSOR_DEFINITIONS = (
					"DEBUG=1",
					"$(inherited)",
				);
				GCC_WARN_64_TO_32_BIT_CONVERSION = YES;
				GCC_WARN_ABOUT_RETURN_TYPE = YES_ERROR;
				GCC_WARN_UNDECLARED_SELECTOR = YES;
				GCC_WARN_UNINITIALIZED_AUTOS = YES_AGGRESSIVE;
				GCC_WARN_UNUSED_FUNCTION = YES;
				GCC_WARN_UNUSED_VARIABLE = YES;
				IPHONEOS_DEPLOYMENT_TARGET = 10.3;
				MTL_ENABLE_DEBUG_INFO = YES;
				ONLY_ACTIVE_ARCH = YES;
				SDKROOT = iphoneos;
				SWIFT_ACTIVE_COMPILATION_CONDITIONS = DEBUG;
				SWIFT_OPTIMIZATION_LEVEL = "-Onone";
			};
			name = Debug;
		};
		CF9B1DDE1F136563000BEFED /* Release */ = {
			isa = XCBuildConfiguration;
			buildSettings = {
				ALWAYS_SEARCH_USER_PATHS = NO;
				CLANG_ANALYZER_NONNULL = YES;
				CLANG_ANALYZER_NUMBER_OBJECT_CONVERSION = YES_AGGRESSIVE;
				CLANG_CXX_LANGUAGE_STANDARD = "gnu++0x";
				CLANG_CXX_LIBRARY = "libc++";
				CLANG_ENABLE_MODULES = YES;
				CLANG_ENABLE_OBJC_ARC = YES;
				CLANG_WARN_BOOL_CONVERSION = YES;
				CLANG_WARN_CONSTANT_CONVERSION = YES;
				CLANG_WARN_DIRECT_OBJC_ISA_USAGE = YES_ERROR;
				CLANG_WARN_DOCUMENTATION_COMMENTS = YES;
				CLANG_WARN_EMPTY_BODY = YES;
				CLANG_WARN_ENUM_CONVERSION = YES;
				CLANG_WARN_INFINITE_RECURSION = YES;
				CLANG_WARN_INT_CONVERSION = YES;
				CLANG_WARN_OBJC_ROOT_CLASS = YES_ERROR;
				CLANG_WARN_SUSPICIOUS_MOVE = YES;
				CLANG_WARN_UNREACHABLE_CODE = YES;
				CLANG_WARN__DUPLICATE_METHOD_MATCH = YES;
				"CODE_SIGN_IDENTITY[sdk=iphoneos*]" = "iPhone Developer";
				COPY_PHASE_STRIP = NO;
				DEBUG_INFORMATION_FORMAT = "dwarf-with-dsym";
				ENABLE_NS_ASSERTIONS = NO;
				ENABLE_STRICT_OBJC_MSGSEND = YES;
				GCC_C_LANGUAGE_STANDARD = gnu99;
				GCC_NO_COMMON_BLOCKS = YES;
				GCC_WARN_64_TO_32_BIT_CONVERSION = YES;
				GCC_WARN_ABOUT_RETURN_TYPE = YES_ERROR;
				GCC_WARN_UNDECLARED_SELECTOR = YES;
				GCC_WARN_UNINITIALIZED_AUTOS = YES_AGGRESSIVE;
				GCC_WARN_UNUSED_FUNCTION = YES;
				GCC_WARN_UNUSED_VARIABLE = YES;
				IPHONEOS_DEPLOYMENT_TARGET = 10.3;
				MTL_ENABLE_DEBUG_INFO = NO;
				SDKROOT = iphoneos;
				SWIFT_OPTIMIZATION_LEVEL = "-Owholemodule";
				VALIDATE_PRODUCT = YES;
			};
			name = Release;
		};
		CF9B1DE01F136563000BEFED /* Debug */ = {
			isa = XCBuildConfiguration;
			buildSettings = {
				ASSETCATALOG_COMPILER_APPICON_NAME = AppIcon;
				DEVELOPMENT_TEAM = 2L6QV2N95T;
				INFOPLIST_FILE = CustomContact/Info.plist;
				LD_RUNPATH_SEARCH_PATHS = "$(inherited) @executable_path/Frameworks";
				PRODUCT_BUNDLE_IDENTIFIER = com.luthfifathurrahman.CustomContact;
				PRODUCT_NAME = "$(TARGET_NAME)";
				SWIFT_VERSION = 3.0;
			};
			name = Debug;
		};
		CF9B1DE11F136563000BEFED /* Release */ = {
			isa = XCBuildConfiguration;
			buildSettings = {
				ASSETCATALOG_COMPILER_APPICON_NAME = AppIcon;
				DEVELOPMENT_TEAM = 2L6QV2N95T;
				INFOPLIST_FILE = CustomContact/Info.plist;
				LD_RUNPATH_SEARCH_PATHS = "$(inherited) @executable_path/Frameworks";
				PRODUCT_BUNDLE_IDENTIFIER = com.luthfifathurrahman.CustomContact;
				PRODUCT_NAME = "$(TARGET_NAME)";
				SWIFT_VERSION = 3.0;
			};
			name = Release;
		};
/* End XCBuildConfiguration section */

/* Begin XCConfigurationList section */
		CF9B1DC51F136563000BEFED /* Build configuration list for PBXProject "CustomContact" */ = {
			isa = XCConfigurationList;
			buildConfigurations = (
				CF9B1DDD1F136563000BEFED /* Debug */,
				CF9B1DDE1F136563000BEFED /* Release */,
			);
			defaultConfigurationIsVisible = 0;
			defaultConfigurationName = Release;
		};
		CF9B1DDF1F136563000BEFED /* Build configuration list for PBXNativeTarget "CustomContact" */ = {
			isa = XCConfigurationList;
			buildConfigurations = (
				CF9B1DE01F136563000BEFED /* Debug */,
				CF9B1DE11F136563000BEFED /* Release */,
			);
			defaultConfigurationIsVisible = 0;
		};
/* End XCConfigurationList section */

/* Begin XCVersionGroup section */
		CF9B1DD41F136563000BEFED /* CustomContact.xcdatamodeld */ = {
			isa = XCVersionGroup;
			children = (
				CF9B1DD51F136563000BEFED /* CustomContact.xcdatamodel */,
			);
			currentVersion = CF9B1DD51F136563000BEFED /* CustomContact.xcdatamodel */;
			path = CustomContact.xcdatamodeld;
			sourceTree = "<group>";
			versionGroupType = wrapper.xcdatamodel;
		};
/* End XCVersionGroup section */
	};
	rootObject = CF9B1DC21F136563000BEFED /* Project object */;
}
